
Microsoft Visual Studio Solution File, Format Version 12.00
# Visual Studio Version 17
VisualStudioVersion = 17.0.31903.59
MinimumVisualStudioVersion = 10.0.40219.1
Project("{FAE04EC0-301F-11D3-BF4B-00C04F79EFBC}") = "CharForge", "CharForge\CharForge.csproj", "{1995DF56-52B5-463D-AC4A-2463A33117E2}"
EndProject
Project("{FAE04EC0-301F-11D3-BF4B-00C04F79EFBC}") = "Sandbox", "Examples\Sandbox\Sandbox.csproj", "{D32E0FFE-64B4-402B-A982-A282DEE10D10}"
EndProject
Project("{2150E333-8FDC-42A3-9474-1A3956D46DE8}") = "Examples", "Examples", "{DB3FCF49-83EC-4032-B142-0039FE8D3F44}"
EndProject
Project("{FAE04EC0-301F-11D3-BF4B-00C04F79EFBC}") = "Pong", "Examples\Pong\Pong.csproj", "{184F999D-C20E-4E4D-895A-FC079FDB0598}"
EndProject
Global
	GlobalSection(SolutionConfigurationPlatforms) = preSolution
		Debug|Any CPU = Debug|Any CPU
		Release|Any CPU = Release|Any CPU
	EndGlobalSection
	GlobalSection(SolutionProperties) = preSolution
		HideSolutionNode = FALSE
	EndGlobalSection
	GlobalSection(ProjectConfigurationPlatforms) = postSolution
		{1995DF56-52B5-463D-AC4A-2463A33117E2}.Debug|Any CPU.ActiveCfg = Debug|Any CPU
		{1995DF56-52B5-463D-AC4A-2463A33117E2}.Debug|Any CPU.Build.0 = Debug|Any CPU
		{1995DF56-52B5-463D-AC4A-2463A33117E2}.Release|Any CPU.ActiveCfg = Release|Any CPU
		{1995DF56-52B5-463D-AC4A-2463A33117E2}.Release|Any CPU.Build.0 = Release|Any CPU
		{D32E0FFE-64B4-402B-A982-A282DEE10D10}.Debug|Any CPU.ActiveCfg = Debug|Any CPU
		{D32E0FFE-64B4-402B-A982-A282DEE10D10}.Debug|Any CPU.Build.0 = Debug|Any CPU
		{D32E0FFE-64B4-402B-A982-A282DEE10D10}.Release|Any CPU.ActiveCfg = Release|Any CPU
		{D32E0FFE-64B4-402B-A982-A282DEE10D10}.Release|Any CPU.Build.0 = Release|Any CPU
		{184F999D-C20E-4E4D-895A-FC079FDB0598}.Debug|Any CPU.ActiveCfg = Debug|Any CPU
		{184F999D-C20E-4E4D-895A-FC079FDB0598}.Debug|Any CPU.Build.0 = Debug|Any CPU
		{184F999D-C20E-4E4D-895A-FC079FDB0598}.Release|Any CPU.ActiveCfg = Release|Any CPU
		{184F999D-C20E-4E4D-895A-FC079FDB0598}.Release|Any CPU.Build.0 = Release|Any CPU
	EndGlobalSection
	GlobalSection(NestedProjects) = preSolution
		{184F999D-C20E-4E4D-895A-FC079FDB0598} = {DB3FCF49-83EC-4032-B142-0039FE8D3F44}
	EndGlobalSection
EndGlobal
